<?xml version="1.0" encoding="utf-8"?>
<Project ToolsVersion="4.0" xmlns="http://schemas.microsoft.com/developer/msbuild/2003">
  <ItemGroup>
    <Filter Include="Source Files">
      <UniqueIdentifier>{4FC737F1-C7A5-4376-A066-2A32D752A2FF}</UniqueIdentifier>
      <Extensions>cpp;c;cc;cxx;def;odl;idl;hpj;bat;asm;asmx</Extensions>
    </Filter>
    <Filter Include="Header Files">
      <UniqueIdentifier>{93995380-89BD-4b04-88EB-625FBE52EBFB}</UniqueIdentifier>
      <Extensions>h;hh;hpp;hxx;hm;inl;inc;ipp;xsd</Extensions>
    </Filter>
    <Filter Include="Resource Files">
      <UniqueIdentifier>{67DA6AB6-F800-4c08-8B7A-83BB121AAD01}</UniqueIdentifier>
      <Extensions>rc;ico;cur;bmp;dlg;rc2;rct;bin;rgs;gif;jpg;jpeg;jpe;resx;tiff;tif;png;wav;mfcribbon-ms</Extensions>
    </Filter>
  </ItemGroup>
  <ItemGroup>
    <ClCompile Include="CommonUtilities\Console.cpp">
      <Filter>Source Files</Filter>
    </ClCompile>
    <ClCompile Include="CommonUtilities\EventSystem.cpp">
      <Filter>Source Files</Filter>
    </ClCompile>
    <ClCompile Include="CommonUtilities\Timer.cpp">
      <Filter>Source Files</Filter>
    </ClCompile>
  </ItemGroup>
  <ItemGroup>
    <ClInclude Include="Src\NonCopyably.hpp">
      <Filter>Header Files</Filter>
    </ClInclude>
    <ClInclude Include="CommonUtilities\AABB3D.hpp">
      <Filter>Header Files</Filter>
    </ClInclude>
    <ClInclude Include="CommonUtilities\BinaryTree.hpp">
      <Filter>Header Files</Filter>
    </ClInclude>
    <ClInclude Include="CommonUtilities\BinaryTreeNode.hpp">
      <Filter>Header Files</Filter>
    </ClInclude>
    <ClInclude Include="CommonUtilities\Console.hpp">
      <Filter>Header Files</Filter>
    </ClInclude>
    <ClInclude Include="CommonUtilities\DoublyLinkedList.hpp">
      <Filter>Header Files</Filter>
    </ClInclude>
    <ClInclude Include="CommonUtilities\DoublyLinkedListNode.hpp">
      <Filter>Header Files</Filter>
    </ClInclude>
    <ClInclude Include="CommonUtilities\EventSystem.hpp">
      <Filter>Header Files</Filter>
    </ClInclude>
    <ClInclude Include="CommonUtilities\EventSystemTypes.hpp">
      <Filter>Header Files</Filter>
    </ClInclude>
    <ClInclude Include="CommonUtilities\GrowingArray.hpp">
      <Filter>Header Files</Filter>
    </ClInclude>
    <ClInclude Include="CommonUtilities\Heap.hpp">
      <Filter>Header Files</Filter>
    </ClInclude>
    <ClInclude Include="CommonUtilities\Intersection.hpp">
      <Filter>Header Files</Filter>
    </ClInclude>
    <ClInclude Include="CommonUtilities\Line.hpp">
      <Filter>Header Files</Filter>
    </ClInclude>
    <ClInclude Include="CommonUtilities\LineVolume.hpp">
      <Filter>Header Files</Filter>
    </ClInclude>
    <ClInclude Include="CommonUtilities\Matrix.hpp">
      <Filter>Header Files</Filter>
    </ClInclude>
    <ClInclude Include="CommonUtilities\Matrix3x3.hpp">
      <Filter>Header Files</Filter>
    </ClInclude>
    <ClInclude Include="CommonUtilities\Matrix4x4.hpp">
      <Filter>Header Files</Filter>
    </ClInclude>
    <ClInclude Include="CommonUtilities\NonCopyable.hpp">
      <Filter>Header Files</Filter>
    </ClInclude>
    <ClInclude Include="CommonUtilities\ObjectPool.hpp">
      <Filter>Header Files</Filter>
    </ClInclude>
    <ClInclude Include="CommonUtilities\Plane.hpp">
      <Filter>Header Files</Filter>
    </ClInclude>
    <ClInclude Include="CommonUtilities\PlaneVolume.hpp">
      <Filter>Header Files</Filter>
    </ClInclude>
    <ClInclude Include="CommonUtilities\PrototypeFactory.hpp">
      <Filter>Header Files</Filter>
    </ClInclude>
    <ClInclude Include="CommonUtilities\Queue.hpp">
      <Filter>Header Files</Filter>
    </ClInclude>
    <ClInclude Include="CommonUtilities\Ray.hpp">
      <Filter>Header Files</Filter>
    </ClInclude>
    <ClInclude Include="CommonUtilities\Sort.hpp">
      <Filter>Header Files</Filter>
    </ClInclude>
    <ClInclude Include="CommonUtilities\Sphere.hpp">
      <Filter>Header Files</Filter>
    </ClInclude>
    <ClInclude Include="CommonUtilities\Stack.hpp">
      <Filter>Header Files</Filter>
    </ClInclude>
    <ClInclude Include="CommonUtilities\StaticArray.hpp">
      <Filter>Header Files</Filter>
    </ClInclude>
    <ClInclude Include="CommonUtilities\Timer.hpp">
      <Filter>Header Files</Filter>
    </ClInclude>
    <ClInclude Include="CommonUtilities\Vector.hpp">
      <Filter>Header Files</Filter>
    </ClInclude>
    <ClInclude Include="CommonUtilities\Vector2.hpp">
      <Filter>Header Files</Filter>
    </ClInclude>
    <ClInclude Include="CommonUtilities\Vector3.hpp">
      <Filter>Header Files</Filter>
    </ClInclude>
    <ClInclude Include="CommonUtilities\Vector4.hpp">
      <Filter>Header Files</Filter>
    </ClInclude>
    <ClInclude Include="CommonUtilities\VectorOnStack.hpp">
      <Filter>Header Files</Filter>
    </ClInclude>
    <ClInclude Include="CommonUtilities\StateStackEnum.hpp">
      <Filter>Header Files</Filter>
    </ClInclude>
    <ClInclude Include="CommonUtilities\Singleton.hpp">
      <Filter>Header Files</Filter>
    </ClInclude>
    <ClInclude Include="CommonUtilities\ObjectPoolComplex.hpp">
      <Filter>Header Files</Filter>
    </ClInclude>
  </ItemGroup>
</Project>