<?xml version="1.0" encoding="utf-8"?>
<Project ToolsVersion="4.0" xmlns="http://schemas.microsoft.com/developer/msbuild/2003">
  <ItemGroup>
    <Filter Include="Source Files">
      <UniqueIdentifier>{4FC737F1-C7A5-4376-A066-2A32D752A2FF}</UniqueIdentifier>
      <Extensions>cpp;c;cc;cxx;def;odl;idl;hpj;bat;asm;asmx</Extensions>
    </Filter>
    <Filter Include="Header Files">
      <UniqueIdentifier>{93995380-89BD-4b04-88EB-625FBE52EBFB}</UniqueIdentifier>
      <Extensions>h;hh;hpp;hxx;hm;inl;inc;ipp;xsd</Extensions>
    </Filter>
    <Filter Include="Resource Files">
      <UniqueIdentifier>{67DA6AB6-F800-4c08-8B7A-83BB121AAD01}</UniqueIdentifier>
      <Extensions>rc;ico;cur;bmp;dlg;rc2;rct;bin;rgs;gif;jpg;jpeg;jpe;resx;tiff;tif;png;wav;mfcribbon-ms</Extensions>
    </Filter>
    <Filter Include="Components">
      <UniqueIdentifier>{5153c0fc-7a18-41fd-85de-21cf9c2b39b5}</UniqueIdentifier>
    </Filter>
    <Filter Include="ObjectPool">
      <UniqueIdentifier>{aa040512-cb66-465c-b7b4-2eef1dc1590b}</UniqueIdentifier>
    </Filter>
    <Filter Include="Components\Movement">
      <UniqueIdentifier>{696c66b5-a2cf-4155-b70f-ada697d544a9}</UniqueIdentifier>
    </Filter>
    <Filter Include="Components\Camera">
      <UniqueIdentifier>{c455947a-dd1c-4f7f-8564-3c1b7d50b155}</UniqueIdentifier>
    </Filter>
    <Filter Include="Components\Graphics">
      <UniqueIdentifier>{16160263-f9d7-4153-b3d2-d84be8bcd986}</UniqueIdentifier>
    </Filter>
    <Filter Include="Components\Abstract">
      <UniqueIdentifier>{7d94e2ce-4ca4-4aa1-8eb7-6ea82063ee72}</UniqueIdentifier>
    </Filter>
    <Filter Include="Components\Gameplay">
      <UniqueIdentifier>{ccfe9563-e48b-4451-b26f-d75aacdd4eb9}</UniqueIdentifier>
    </Filter>
    <Filter Include="Components\Controller">
      <UniqueIdentifier>{28609400-c60e-40db-b5c4-ef77fbc54631}</UniqueIdentifier>
    </Filter>
    <Filter Include="Components\Audio">
      <UniqueIdentifier>{773138b0-6015-41e6-8477-48a41f6d323d}</UniqueIdentifier>
    </Filter>
    <Filter Include="Components\Particles">
      <UniqueIdentifier>{5b609b69-87e9-4279-a65f-a102efc17563}</UniqueIdentifier>
    </Filter>
    <Filter Include="Components\Light">
      <UniqueIdentifier>{6e4b1edd-64e8-4a99-9e35-753c8b0923f5}</UniqueIdentifier>
    </Filter>
    <Filter Include="Components\GBPhysX">
      <UniqueIdentifier>{3b228921-5967-4573-a6ec-826d87c33874}</UniqueIdentifier>
    </Filter>
    <Filter Include="Factories">
      <UniqueIdentifier>{d39c5910-99e8-4b32-9df5-d83f08caed00}</UniqueIdentifier>
    </Filter>
    <Filter Include="Game">
      <UniqueIdentifier>{299a8948-965e-4e29-87ba-3a152471da52}</UniqueIdentifier>
    </Filter>
    <Filter Include="AI Stuff">
      <UniqueIdentifier>{0beeb5a4-fd2a-4e34-adc0-7c253f5bf4ff}</UniqueIdentifier>
    </Filter>
    <Filter Include="States">
      <UniqueIdentifier>{1278add3-b4c6-4e53-982a-b8a58d2a45d5}</UniqueIdentifier>
    </Filter>
    <Filter Include="AI Stuff\AI States">
      <UniqueIdentifier>{33e933e6-404e-4715-93e6-37f6e28e7b12}</UniqueIdentifier>
    </Filter>
    <Filter Include="UI">
      <UniqueIdentifier>{2690eb7b-b255-4bae-b1d9-529f74e45eae}</UniqueIdentifier>
    </Filter>
    <Filter Include="Perlin noise">
      <UniqueIdentifier>{a09a9c10-b7b6-4d79-887d-f9a2b38ec47b}</UniqueIdentifier>
    </Filter>
    <Filter Include="Dialog">
      <UniqueIdentifier>{b3fe5d24-6dd9-4326-9bd3-bd8f23cba2a2}</UniqueIdentifier>
    </Filter>
  </ItemGroup>
  <ItemGroup>
    <ClInclude Include="IPoolable.h">
      <Filter>ObjectPool</Filter>
    </ClInclude>
    <ClInclude Include="ObjectPoolSizes.h">
      <Filter>ObjectPool</Filter>
    </ClInclude>
    <ClInclude Include="FactoryComplex.h">
      <Filter>ObjectPool</Filter>
    </ClInclude>
    <ClInclude Include="Entity.h">
      <Filter>Header Files</Filter>
    </ClInclude>
    <ClInclude Include="ComponentLake.h">
      <Filter>Components</Filter>
    </ClInclude>
    <ClInclude Include="Component.h">
      <Filter>Components\Abstract</Filter>
    </ClInclude>
    <ClInclude Include="Life.h">
      <Filter>Components\Gameplay</Filter>
    </ClInclude>
    <ClInclude Include="Mesh.h">
      <Filter>Components\Graphics</Filter>
    </ClInclude>
    <ClInclude Include="Graphics.h">
      <Filter>Components\Abstract</Filter>
    </ClInclude>
    <ClInclude Include="FollowCamera.h">
      <Filter>Components\Camera</Filter>
    </ClInclude>
    <ClInclude Include="CameraLookAt.h">
      <Filter>Components\Graphics</Filter>
    </ClInclude>
    <ClInclude Include="resource.h">
      <Filter>Header Files</Filter>
    </ClInclude>
    <ClInclude Include="LifeTime.h">
      <Filter>Components\Gameplay</Filter>
    </ClInclude>
    <ClInclude Include="Movement3D.h">
      <Filter>Components\Movement</Filter>
    </ClInclude>
    <ClInclude Include="Collision.h">
      <Filter>Components\Gameplay</Filter>
    </ClInclude>
    <ClInclude Include="ImGuiPackage.h">
      <Filter>Header Files</Filter>
    </ClInclude>
    <ClInclude Include="GameState.h">
      <Filter>States</Filter>
    </ClInclude>
    <ClInclude Include="DataStructs.h">
      <Filter>Header Files</Filter>
    </ClInclude>
    <ClInclude Include="VideoState.h">
      <Filter>States</Filter>
    </ClInclude>
    <ClInclude Include="Homing3D.h">
      <Filter>Components\Movement</Filter>
    </ClInclude>
    <ClInclude Include="MainMenuState.h">
      <Filter>States</Filter>
    </ClInclude>
    <ClInclude Include="Audio.h">
      <Filter>Components\Audio</Filter>
    </ClInclude>
    <ClInclude Include="EmilsEnums.h">
      <Filter>Header Files</Filter>
    </ClInclude>
    <ClInclude Include="PauseState.h">
      <Filter>States</Filter>
    </ClInclude>
    <ClInclude Include="Light.h">
      <Filter>Components\Light</Filter>
    </ClInclude>
    <ClInclude Include="ParticleOnDeath.h">
      <Filter>Components\Particles</Filter>
    </ClInclude>
    <ClInclude Include="ParticlesWhileAlive.h">
      <Filter>Components\Particles</Filter>
    </ClInclude>
    <ClInclude Include="PlayerController.h">
      <Filter>Components\Controller</Filter>
    </ClInclude>
    <ClInclude Include="EntityMessage.h">
      <Filter>Components</Filter>
    </ClInclude>
    <ClInclude Include="AbilityInstance.h">
      <Filter>Components\Gameplay</Filter>
    </ClInclude>
    <ClInclude Include="CharacterData.h">
      <Filter>Header Files</Filter>
    </ClInclude>
    <ClInclude Include="AbilityData.h">
      <Filter>Header Files</Filter>
    </ClInclude>
    <ClInclude Include="ParticleOnHit.h">
      <Filter>Components\Particles</Filter>
    </ClInclude>
    <ClInclude Include="CharacterInstance.h">
      <Filter>Components\Gameplay</Filter>
    </ClInclude>
    <ClInclude Include="Enums.h">
      <Filter>Header Files</Filter>
    </ClInclude>
    <ClInclude Include="GBPhysXComponent.h">
      <Filter>Components\GBPhysX</Filter>
    </ClInclude>
    <ClInclude Include="GBPhysXKinematicComponent.h">
      <Filter>Components\GBPhysX</Filter>
    </ClInclude>
    <ClInclude Include="CinematicState.h">
      <Filter>States</Filter>
    </ClInclude>
    <ClInclude Include="CinematicEditor.h">
      <Filter>Header Files</Filter>
    </ClInclude>
    <ClInclude Include="ParticleActivatable.h">
      <Filter>Components\Particles</Filter>
    </ClInclude>
    <ClInclude Include="TriggerBoxFactory.h">
      <Filter>Factories</Filter>
    </ClInclude>
    <ClInclude Include="StaticObjectFactory.h">
      <Filter>Factories</Filter>
    </ClInclude>
    <ClInclude Include="GBPhysXColliderFactory.h">
      <Filter>Factories</Filter>
    </ClInclude>
    <ClInclude Include="DestructibleFactory.h">
      <Filter>Factories</Filter>
    </ClInclude>
    <ClInclude Include="PointLightFactory.h">
      <Filter>Factories</Filter>
    </ClInclude>
    <ClInclude Include="AbilityFactory.h">
      <Filter>Factories</Filter>
    </ClInclude>
    <ClInclude Include="EnemyFactory.h">
      <Filter>Factories</Filter>
    </ClInclude>
    <ClInclude Include="GameWorld.h">
      <Filter>Game</Filter>
    </ClInclude>
    <ClInclude Include="Game.h">
      <Filter>Game</Filter>
    </ClInclude>
    <ClInclude Include="AIPollingStation.h">
      <Filter>AI Stuff</Filter>
    </ClInclude>
    <ClInclude Include="UIManager.h">
      <Filter>UI</Filter>
    </ClInclude>
    <ClInclude Include="OptionState.h">
      <Filter>States</Filter>
    </ClInclude>
    <ClInclude Include="AnimationComponent.h">
      <Filter>Components\Graphics</Filter>
    </ClInclude>
    <ClInclude Include="LevelSelectState.h">
      <Filter>States</Filter>
    </ClInclude>
    <ClInclude Include="perlin_noise.h">
      <Filter>Perlin noise</Filter>
    </ClInclude>
    <ClInclude Include="FPSCamera.h">
      <Filter>Components\Camera</Filter>
    </ClInclude>
    <ClInclude Include="FireWeapon.h">
      <Filter>Components\Gameplay</Filter>
    </ClInclude>
    <ClInclude Include="ProgressBar.h">
      <Filter>UI</Filter>
    </ClInclude>
    <ClInclude Include="GBPhysXStaticComponent.h">
      <Filter>Components\GBPhysX</Filter>
    </ClInclude>
    <ClInclude Include="AlertedState.h">
      <Filter>AI Stuff\AI States</Filter>
    </ClInclude>
    <ClInclude Include="AttackState.h">
      <Filter>AI Stuff\AI States</Filter>
    </ClInclude>
    <ClInclude Include="IdleState.h">
      <Filter>AI Stuff\AI States</Filter>
    </ClInclude>
    <ClInclude Include="SeekTargetState.h">
      <Filter>AI Stuff\AI States</Filter>
    </ClInclude>
    <ClInclude Include="DyingState.h">
      <Filter>AI Stuff\AI States</Filter>
    </ClInclude>
    <ClInclude Include="AIBaseState.h">
      <Filter>AI Stuff\AI States</Filter>
    </ClInclude>
    <ClInclude Include="SpawningState.h">
      <Filter>AI Stuff\AI States</Filter>
    </ClInclude>
    <ClInclude Include="InteractableFactory.h">
      <Filter>Factories</Filter>
    </ClInclude>
    <ClInclude Include="AIController.h">
      <Filter>Components\Controller</Filter>
    </ClInclude>
    <ClInclude Include="Attached.h">
      <Filter>Header Files</Filter>
    </ClInclude>
    <ClInclude Include="DialogFactory.h">
      <Filter>Dialog</Filter>
    </ClInclude>
    <ClInclude Include="DialogInstance.h">
      <Filter>Dialog</Filter>
    </ClInclude>
    <ClInclude Include="PlantLoader.h">
      <Filter>Header Files</Filter>
    </ClInclude>
    <ClInclude Include="Growable.h">
      <Filter>Components</Filter>
    </ClInclude>
    <ClInclude Include="Item.h">
      <Filter>Header Files</Filter>
    </ClInclude>
    <ClInclude Include="GrowthSpot.h">
      <Filter>Header Files</Filter>
    </ClInclude>
    <ClInclude Include="DynamicObjectFactory.h">
      <Filter>Factories</Filter>
    </ClInclude>
    <ClInclude Include="Inventory.h">
      <Filter>Components</Filter>
    </ClInclude>
    <ClInclude Include="MenuSlider.h">
      <Filter>UI</Filter>
    </ClInclude>
    <ClInclude Include="FoodCellar.h">
      <Filter>Header Files</Filter>
    </ClInclude>
    <ClInclude Include="WaterSource.h">
      <Filter>Header Files</Filter>
    </ClInclude>
    <ClInclude Include="TimeHandler.h">
      <Filter>Header Files</Filter>
    </ClInclude>
    <ClInclude Include="Event.h">
      <Filter>Header Files</Filter>
    </ClInclude>
    <ClInclude Include="AnimationEvent.h">
      <Filter>Header Files</Filter>
    </ClInclude>
    <ClInclude Include="TraderEvent.h">
      <Filter>Header Files</Filter>
    </ClInclude>
    <ClInclude Include="TemporaryItemEvent.h">
      <Filter>Header Files</Filter>
    </ClInclude>
    <ClInclude Include="Trader.h">
      <Filter>Header Files</Filter>
    </ClInclude>
    <ClInclude Include="ChickenCoop.h">
      <Filter>Header Files</Filter>
    </ClInclude>
    <ClInclude Include="TraderAI.h">
      <Filter>Components\Controller</Filter>
    </ClInclude>
    <ClInclude Include="House.h">
      <Filter>Components</Filter>
    </ClInclude>
    <ClInclude Include="WildPlant.h">
      <Filter>Components</Filter>
    </ClInclude>
    <ClInclude Include="AcceptInteraction.h">
      <Filter>Header Files</Filter>
    </ClInclude>
    <ClInclude Include="InteractImage.h">
      <Filter>Header Files</Filter>
    </ClInclude>
  </ItemGroup>
  <ItemGroup>
    <ClCompile Include="Entity.cpp">
      <Filter>Source Files</Filter>
    </ClCompile>
    <ClCompile Include="ComponentLake.cpp">
      <Filter>Components</Filter>
    </ClCompile>
    <ClCompile Include="Component.cpp">
      <Filter>Components\Abstract</Filter>
    </ClCompile>
    <ClCompile Include="Life.cpp">
      <Filter>Components\Gameplay</Filter>
    </ClCompile>
    <ClCompile Include="Mesh.cpp">
      <Filter>Components\Graphics</Filter>
    </ClCompile>
    <ClCompile Include="Graphics.cpp">
      <Filter>Components\Abstract</Filter>
    </ClCompile>
    <ClCompile Include="FollowCamera.cpp">
      <Filter>Components\Camera</Filter>
    </ClCompile>
    <ClCompile Include="CameraLookAt.cpp">
      <Filter>Components\Graphics</Filter>
    </ClCompile>
    <ClCompile Include="LifeTime.cpp">
      <Filter>Components\Gameplay</Filter>
    </ClCompile>
    <ClCompile Include="Movement3D.cpp">
      <Filter>Components\Movement</Filter>
    </ClCompile>
    <ClCompile Include="Collision.cpp">
      <Filter>Components\Gameplay</Filter>
    </ClCompile>
    <ClCompile Include="GameState.cpp">
      <Filter>States</Filter>
    </ClCompile>
    <ClCompile Include="VideoState.cpp">
      <Filter>States</Filter>
    </ClCompile>
    <ClCompile Include="MainMenuState.cpp">
      <Filter>States</Filter>
    </ClCompile>
    <ClCompile Include="Homing3D.cpp">
      <Filter>Components\Movement</Filter>
    </ClCompile>
    <ClCompile Include="Audio.cpp">
      <Filter>Components\Audio</Filter>
    </ClCompile>
    <ClCompile Include="PauseState.cpp">
      <Filter>States</Filter>
    </ClCompile>
    <ClCompile Include="Light.cpp">
      <Filter>Components\Light</Filter>
    </ClCompile>
    <ClCompile Include="ParticleOnDeath.cpp">
      <Filter>Components\Particles</Filter>
    </ClCompile>
    <ClCompile Include="ParticlesWhileAlive.cpp">
      <Filter>Components\Particles</Filter>
    </ClCompile>
    <ClCompile Include="PlayerController.cpp">
      <Filter>Components\Controller</Filter>
    </ClCompile>
    <ClCompile Include="AbilityInstance.cpp">
      <Filter>Components\Gameplay</Filter>
    </ClCompile>
    <ClCompile Include="CharacterData.cpp">
      <Filter>Source Files</Filter>
    </ClCompile>
    <ClCompile Include="AbilityData.cpp">
      <Filter>Source Files</Filter>
    </ClCompile>
    <ClCompile Include="ParticleOnHit.cpp">
      <Filter>Components\Particles</Filter>
    </ClCompile>
    <ClCompile Include="CharacterInstance.cpp">
      <Filter>Components\Gameplay</Filter>
    </ClCompile>
    <ClCompile Include="GBPhysXComponent.cpp">
      <Filter>Components\GBPhysX</Filter>
    </ClCompile>
    <ClCompile Include="GBPhysXKinematicComponent.cpp">
      <Filter>Components\GBPhysX</Filter>
    </ClCompile>
    <ClCompile Include="CinematicState.cpp">
      <Filter>States</Filter>
    </ClCompile>
    <ClCompile Include="CinematicEditor.cpp">
      <Filter>Source Files</Filter>
    </ClCompile>
    <ClCompile Include="ParticleActivatable.cpp">
      <Filter>Components\Particles</Filter>
    </ClCompile>
    <ClCompile Include="AbilityFactory.cpp">
      <Filter>Factories</Filter>
    </ClCompile>
    <ClCompile Include="EnemyFactory.cpp">
      <Filter>Factories</Filter>
    </ClCompile>
    <ClCompile Include="DestructibleFactory.cpp">
      <Filter>Factories</Filter>
    </ClCompile>
    <ClCompile Include="GBPhysXColliderFactory.cpp">
      <Filter>Factories</Filter>
    </ClCompile>
    <ClCompile Include="StaticObjectFactory.cpp">
      <Filter>Factories</Filter>
    </ClCompile>
    <ClCompile Include="PointLightFactory.cpp">
      <Filter>Factories</Filter>
    </ClCompile>
    <ClCompile Include="TriggerBoxFactory.cpp">
      <Filter>Factories</Filter>
    </ClCompile>
    <ClCompile Include="GameWorld.cpp">
      <Filter>Game</Filter>
    </ClCompile>
    <ClCompile Include="Game.cpp">
      <Filter>Game</Filter>
    </ClCompile>
    <ClCompile Include="AIPollingStation.cpp">
      <Filter>AI Stuff</Filter>
    </ClCompile>
    <ClCompile Include="UIManager.cpp">
      <Filter>UI</Filter>
    </ClCompile>
    <ClCompile Include="OptionState.cpp">
      <Filter>States</Filter>
    </ClCompile>
    <ClCompile Include="AnimationComponent.cpp">
      <Filter>Components\Graphics</Filter>
    </ClCompile>
    <ClCompile Include="LevelSelectState.cpp">
      <Filter>States</Filter>
    </ClCompile>
    <ClCompile Include="perlin_noise.cpp">
      <Filter>Perlin noise</Filter>
    </ClCompile>
    <ClCompile Include="FPSCamera.cpp">
      <Filter>Components\Camera</Filter>
    </ClCompile>
    <ClCompile Include="FireWeapon.cpp">
      <Filter>Components\Gameplay</Filter>
    </ClCompile>
    <ClCompile Include="ProgressBar.cpp">
      <Filter>UI</Filter>
    </ClCompile>
    <ClCompile Include="GBPhysXStaticComponent.cpp">
      <Filter>Components\GBPhysX</Filter>
    </ClCompile>
    <ClCompile Include="AlertedState.cpp">
      <Filter>AI Stuff\AI States</Filter>
    </ClCompile>
    <ClCompile Include="AttackState.cpp">
      <Filter>AI Stuff\AI States</Filter>
    </ClCompile>
    <ClCompile Include="IdleState.cpp">
      <Filter>AI Stuff\AI States</Filter>
    </ClCompile>
    <ClCompile Include="SeekTargetState.cpp">
      <Filter>AI Stuff\AI States</Filter>
    </ClCompile>
    <ClCompile Include="AIBaseState.cpp">
      <Filter>AI Stuff\AI States</Filter>
    </ClCompile>
    <ClCompile Include="SpawningState.cpp">
      <Filter>AI Stuff\AI States</Filter>
    </ClCompile>
    <ClCompile Include="InteractableFactory.cpp">
      <Filter>Factories</Filter>
    </ClCompile>
    <ClCompile Include="AIController.cpp">
      <Filter>Components\Controller</Filter>
    </ClCompile>
    <ClCompile Include="Attached.cpp">
      <Filter>Source Files</Filter>
    </ClCompile>
    <ClCompile Include="DialogFactory.cpp">
      <Filter>Dialog</Filter>
    </ClCompile>
    <ClCompile Include="PlantLoader.cpp">
      <Filter>Source Files</Filter>
    </ClCompile>
    <ClCompile Include="Growable.cpp">
      <Filter>Components</Filter>
    </ClCompile>
    <ClCompile Include="Item.cpp">
      <Filter>Source Files</Filter>
    </ClCompile>
    <ClCompile Include="GrowthSpot.cpp">
      <Filter>Source Files</Filter>
    </ClCompile>
    <ClCompile Include="DynamicObjectFactory.cpp">
      <Filter>Factories</Filter>
    </ClCompile>
    <ClCompile Include="Inventory.cpp">
      <Filter>Components</Filter>
    </ClCompile>
    <ClCompile Include="MenuSlider.cpp">
      <Filter>UI</Filter>
    </ClCompile>
    <ClCompile Include="FoodCellar.cpp">
      <Filter>Source Files</Filter>
    </ClCompile>
    <ClCompile Include="WaterSource.cpp">
      <Filter>Source Files</Filter>
    </ClCompile>
    <ClCompile Include="TimeHandler.cpp">
      <Filter>Source Files</Filter>
    </ClCompile>
    <ClCompile Include="Event.cpp">
      <Filter>Source Files</Filter>
    </ClCompile>
    <ClCompile Include="AnimationEvent.cpp">
      <Filter>Source Files</Filter>
    </ClCompile>
    <ClCompile Include="TraderEvent.cpp">
      <Filter>Source Files</Filter>
    </ClCompile>
    <ClCompile Include="TemporaryItemEvent.cpp">
      <Filter>Source Files</Filter>
    </ClCompile>
    <ClCompile Include="DialogInstance.cpp">
      <Filter>Dialog</Filter>
    </ClCompile>
    <ClCompile Include="Trader.cpp">
      <Filter>Source Files</Filter>
    </ClCompile>
    <ClCompile Include="ChickenCoop.cpp">
      <Filter>Source Files</Filter>
    </ClCompile>
    <ClCompile Include="TraderAI.cpp">
      <Filter>Components\Controller</Filter>
    </ClCompile>
    <ClCompile Include="House.cpp">
      <Filter>Components</Filter>
    </ClCompile>
    <ClCompile Include="WildPlant.cpp">
      <Filter>Components</Filter>
    </ClCompile>
    <ClCompile Include="AcceptInteraction.cpp">
      <Filter>Source Files</Filter>
    </ClCompile>
    <ClCompile Include="InteractImage.cpp">
      <Filter>Source Files</Filter>
    </ClCompile>
  </ItemGroup>
</Project>