<?xml version="1.0" encoding="utf-8"?>
<Project ToolsVersion="4.0" xmlns="http://schemas.microsoft.com/developer/msbuild/2003">
  <ItemGroup>
    <ClCompile Include="Camera.cpp">
      <Filter>Source</Filter>
    </ClCompile>
    <ClCompile Include="CameraFactory.cpp">
      <Filter>Source</Filter>
    </ClCompile>
    <ClCompile Include="DirectX11Framework.cpp">
      <Filter>Source</Filter>
    </ClCompile>
    <ClCompile Include="GraphicEngine.cpp">
      <Filter>Source</Filter>
    </ClCompile>
    <ClCompile Include="InputHandler.cpp">
      <Filter>Source</Filter>
    </ClCompile>
    <ClCompile Include="Scene.cpp">
      <Filter>Source</Filter>
    </ClCompile>
    <ClCompile Include="WindowHandler.cpp">
      <Filter>Source</Filter>
    </ClCompile>
    <ClCompile Include="Spline.cpp">
      <Filter>Source</Filter>
    </ClCompile>
    <ClCompile Include="Sprite.cpp" />
    <ClCompile Include="SpriteFactory.cpp" />
    <ClCompile Include="SpriteInstance.cpp" />
    <ClCompile Include="videoplayer.cpp">
      <Filter>Video</Filter>
    </ClCompile>
    <ClCompile Include="DebugTools.cpp" />
    <ClCompile Include="Particle.cpp">
      <Filter>Particles</Filter>
    </ClCompile>
    <ClCompile Include="ParticleInstance.cpp">
      <Filter>Particles</Filter>
    </ClCompile>
    <ClCompile Include="ForwardRenderer.cpp">
      <Filter>Renderers</Filter>
    </ClCompile>
    <ClCompile Include="ParticleRenderer.cpp">
      <Filter>Renderers</Filter>
    </ClCompile>
    <ClCompile Include="ParticleFactory.cpp">
      <Filter>Particles</Filter>
    </ClCompile>
    <ClCompile Include="FullscreenRenderer.cpp">
      <Filter>Renderers</Filter>
    </ClCompile>
    <ClCompile Include="DeferredRenderer.cpp">
      <Filter>Renderers</Filter>
    </ClCompile>
    <ClCompile Include="MathFunc.cpp">
      <Filter>InternetCode</Filter>
    </ClCompile>
    <ClCompile Include="AnimationData.cpp">
      <Filter>Animation</Filter>
    </ClCompile>
    <ClCompile Include="Animator.cpp">
      <Filter>Animation</Filter>
    </ClCompile>
    <ClCompile Include="SpriteRenderer.cpp">
      <Filter>Sprites</Filter>
    </ClCompile>
    <ClCompile Include="SpriteInstance.cpp">
      <Filter>Sprites</Filter>
    </ClCompile>
    <ClCompile Include="SpriteFactory.cpp">
      <Filter>Sprites</Filter>
    </ClCompile>
    <ClCompile Include="Sprite.cpp">
      <Filter>Sprites</Filter>
    </ClCompile>
    <ClCompile Include="TextInstance.cpp">
      <Filter>Text</Filter>
    </ClCompile>
    <ClCompile Include="TextFactory.cpp">
      <Filter>Text</Filter>
    </ClCompile>
    <ClCompile Include="FullscreenTexture.cpp">
      <Filter>Textures</Filter>
    </ClCompile>
    <ClCompile Include="FullscreenTextureFactory.cpp">
      <Filter>Textures</Filter>
    </ClCompile>
    <ClCompile Include="RenderStateManager.cpp">
      <Filter>Renderers</Filter>
    </ClCompile>
    <ClCompile Include="RenderManager.cpp">
      <Filter>Renderers</Filter>
    </ClCompile>
    <ClCompile Include="DebugDrawer.cpp">
      <Filter>Renderers</Filter>
    </ClCompile>
    <ClCompile Include="ShaderTypes.cpp">
      <Filter>Shaders</Filter>
    </ClCompile>
    <ClCompile Include="ShaderCompiler.cpp">
      <Filter>Shaders</Filter>
    </ClCompile>
    <ClCompile Include="ModelInstance.cpp">
      <Filter>Models</Filter>
    </ClCompile>
    <ClCompile Include="Model.cpp">
      <Filter>Models</Filter>
    </ClCompile>
    <ClCompile Include="Environmentlight.cpp">
      <Filter>Lights</Filter>
    </ClCompile>
    <ClCompile Include="AssetImportHelpers.cpp">
      <Filter>Models</Filter>
    </ClCompile>
    <ClCompile Include="GBuffer.cpp">
      <Filter>Renderers</Filter>
    </ClCompile>
    <ClCompile Include="SpriteRenderer.cpp">
      <Filter>Renderers</Filter>
    </ClCompile>
    <ClCompile Include="WindSystem.cpp" />
    <ClCompile Include="TextRenderer.cpp">
      <Filter>Renderers</Filter>
    </ClCompile>
    <ClCompile Include="PathFinder.cpp">
      <Filter>Path finding</Filter>
    </ClCompile>
    <ClCompile Include="PointLight.cpp">
      <Filter>Lights</Filter>
    </ClCompile>
    <ClCompile Include="HighlightRenderer.cpp">
      <Filter>Renderers</Filter>
    </ClCompile>
    <ClCompile Include="DepthRenderer.cpp">
      <Filter>Renderers</Filter>
    </ClCompile>
    <ClCompile Include="DecalFactory.cpp" />
    <ClCompile Include="SpriteFontInclude.cpp" />
    <ClCompile Include="AudioManager.cpp">
      <Filter>Sound</Filter>
    </ClCompile>
    <ClCompile Include="WwiseFramework.cpp">
      <Filter>Sound</Filter>
    </ClCompile>
    <ClCompile Include="AK\SoundEngine\Win32\AkDefaultIOHookDeferred.cpp">
      <Filter>AK</Filter>
    </ClCompile>
    <ClCompile Include="AK\SoundEngine\Win32\stdafx.cpp">
      <Filter>AK</Filter>
    </ClCompile>
    <ClCompile Include="AK\SoundEngine\Win32\AkDefaultIOHookBlocking.cpp">
      <Filter>AK</Filter>
    </ClCompile>
    <ClCompile Include="AK\SoundEngine\Common\AkFilePackageLUT.cpp">
      <Filter>AK</Filter>
    </ClCompile>
    <ClCompile Include="AK\SoundEngine\Common\AkFilePackage.cpp">
      <Filter>AK</Filter>
    </ClCompile>
    <ClCompile Include="AK\SoundEngine\Common\AkMultipleFileLocation.cpp">
      <Filter>AK</Filter>
    </ClCompile>
    <ClCompile Include="WindowControl.cpp">
      <Filter>imgui</Filter>
    </ClCompile>
    <ClCompile Include="SpotLightFactory.cpp">
      <Filter>Lights</Filter>
    </ClCompile>
    <ClCompile Include="LevelLoader.cpp">
      <Filter>Asset\Loaders</Filter>
    </ClCompile>
    <ClCompile Include="LightLoader.cpp">
      <Filter>Asset\Loaders</Filter>
    </ClCompile>
    <ClCompile Include="ModelLoader.cpp">
      <Filter>Asset\Loaders</Filter>
    </ClCompile>
    <ClCompile Include="TextureLoader.cpp">
      <Filter>Asset\Loaders</Filter>
    </ClCompile>
    <ClCompile Include="AnimationLoader.cpp">
      <Filter>Asset\Loaders</Filter>
    </ClCompile>
    <ClCompile Include="NavMeshLoader.cpp">
      <Filter>Asset\Loaders</Filter>
    </ClCompile>
    <ClCompile Include="Asset.cpp">
      <Filter>Asset</Filter>
    </ClCompile>
    <ClCompile Include="AssetManager.cpp">
      <Filter>Asset</Filter>
    </ClCompile>
    <ClCompile Include="Entity.cpp" />
    <ClCompile Include="ComponentManager.cpp">
      <Filter>Components</Filter>
    </ClCompile>
    <ClCompile Include="MeshComponent.cpp">
      <Filter>Components\EngineComponents</Filter>
    </ClCompile>
    <ClCompile Include="EntityManager.cpp" />
  </ItemGroup>
  <ItemGroup>
    <ClInclude Include="Camera.h">
      <Filter>Headers</Filter>
    </ClInclude>
    <ClInclude Include="CameraFactory.h">
      <Filter>Headers</Filter>
    </ClInclude>
    <ClInclude Include="DirectX11Framework.h">
      <Filter>Headers</Filter>
    </ClInclude>
    <ClInclude Include="GraphicEngine.h">
      <Filter>Headers</Filter>
    </ClInclude>
    <ClInclude Include="InputHandler.h">
      <Filter>Headers</Filter>
    </ClInclude>
    <ClInclude Include="Scene.h">
      <Filter>Headers</Filter>
    </ClInclude>
    <ClInclude Include="WindowHandler.h">
      <Filter>Headers</Filter>
    </ClInclude>
    <ClInclude Include="Spline.h">
      <Filter>Headers</Filter>
    </ClInclude>
    <ClInclude Include="NameThread.h">
      <Filter>Headers</Filter>
    </ClInclude>
    <ClInclude Include="PointLight.h">
      <Filter>Lights</Filter>
    </ClInclude>
    <ClInclude Include="Sprite.h" />
    <ClInclude Include="SpriteFactory.h" />
    <ClInclude Include="SpriteInstance.h" />
    <ClInclude Include="videoplayer.h">
      <Filter>Video</Filter>
    </ClInclude>
    <ClInclude Include="Environmentlight.h">
      <Filter>Lights</Filter>
    </ClInclude>
    <ClInclude Include="DebugTools.h" />
    <ClInclude Include="Particle.h">
      <Filter>Particles</Filter>
    </ClInclude>
    <ClInclude Include="ParticleInstance.h">
      <Filter>Particles</Filter>
    </ClInclude>
    <ClInclude Include="ForwardRenderer.h">
      <Filter>Renderers</Filter>
    </ClInclude>
    <ClInclude Include="ParticleRenderer.h">
      <Filter>Renderers</Filter>
    </ClInclude>
    <ClInclude Include="ParticleFactory.h">
      <Filter>Particles</Filter>
    </ClInclude>
    <ClInclude Include="FullscreenRenderer.h">
      <Filter>Renderers</Filter>
    </ClInclude>
    <ClInclude Include="DeferredRenderer.h">
      <Filter>Renderers</Filter>
    </ClInclude>
    <ClInclude Include="MathFunc.h">
      <Filter>InternetCode</Filter>
    </ClInclude>
    <ClInclude Include="AnimationData.h">
      <Filter>Animation</Filter>
    </ClInclude>
    <ClInclude Include="Animator.h">
      <Filter>Animation</Filter>
    </ClInclude>
    <ClInclude Include="SpriteRenderer.h">
      <Filter>Sprites</Filter>
    </ClInclude>
    <ClInclude Include="SpriteInstance.h">
      <Filter>Sprites</Filter>
    </ClInclude>
    <ClInclude Include="SpriteFactory.h">
      <Filter>Sprites</Filter>
    </ClInclude>
    <ClInclude Include="Sprite.h">
      <Filter>Sprites</Filter>
    </ClInclude>
    <ClInclude Include="TextInstance.h">
      <Filter>Text</Filter>
    </ClInclude>
    <ClInclude Include="TextFactory.h">
      <Filter>Text</Filter>
    </ClInclude>
    <ClInclude Include="FullscreenTexture.h">
      <Filter>Textures</Filter>
    </ClInclude>
    <ClInclude Include="FullscreenTextureFactory.h">
      <Filter>Textures</Filter>
    </ClInclude>
    <ClInclude Include="RenderStateManager.h">
      <Filter>Renderers</Filter>
    </ClInclude>
    <ClInclude Include="RenderManager.h">
      <Filter>Renderers</Filter>
    </ClInclude>
    <ClInclude Include="DebugDrawer.h">
      <Filter>Renderers</Filter>
    </ClInclude>
    <ClInclude Include="ShaderTypes.h">
      <Filter>Shaders</Filter>
    </ClInclude>
    <ClInclude Include="ShaderFlags.h">
      <Filter>Shaders</Filter>
    </ClInclude>
    <ClInclude Include="ShaderCompiler.h">
      <Filter>Shaders</Filter>
    </ClInclude>
    <ClInclude Include="ModelInstance.h">
      <Filter>Models</Filter>
    </ClInclude>
    <ClInclude Include="Model.h">
      <Filter>Models</Filter>
    </ClInclude>
    <ClInclude Include="ShaderBuffers.h" />
    <ClInclude Include="AssetImportHelpers.h">
      <Filter>Models</Filter>
    </ClInclude>
    <ClInclude Include="GBuffer.h">
      <Filter>Renderers</Filter>
    </ClInclude>
    <ClInclude Include="SpriteRenderer.h">
      <Filter>Renderers</Filter>
    </ClInclude>
    <ClInclude Include="WindSystem.h" />
    <ClInclude Include="TextRenderer.h">
      <Filter>Renderers</Filter>
    </ClInclude>
    <ClInclude Include="PathFinder.h">
      <Filter>Path finding</Filter>
    </ClInclude>
    <ClInclude Include="resource.h" />
    <ClInclude Include="HighlightRenderer.h">
      <Filter>Renderers</Filter>
    </ClInclude>
    <ClInclude Include="DepthRenderer.h">
      <Filter>Renderers</Filter>
    </ClInclude>
    <ClInclude Include="Decal.h" />
    <ClInclude Include="DecalFactory.h" />
    <ClInclude Include="SpriteFontInclude.h">
      <Filter>Text</Filter>
    </ClInclude>
    <ClInclude Include="AudioManager.h">
      <Filter>Sound</Filter>
    </ClInclude>
    <ClInclude Include="Wwise_IDs.h">
      <Filter>Sound</Filter>
    </ClInclude>
    <ClInclude Include="WwiseFramework.h">
      <Filter>Sound</Filter>
    </ClInclude>
    <ClInclude Include="WindowControl.h">
      <Filter>imgui</Filter>
    </ClInclude>
    <ClInclude Include="SpotLight.h">
      <Filter>Lights</Filter>
    </ClInclude>
    <ClInclude Include="SpotLightFactory.h">
      <Filter>Lights</Filter>
    </ClInclude>
    <ClInclude Include="LevelLoader.h">
      <Filter>Asset\Loaders</Filter>
    </ClInclude>
    <ClInclude Include="LightLoader.h">
      <Filter>Asset\Loaders</Filter>
    </ClInclude>
    <ClInclude Include="ModelLoader.h">
      <Filter>Asset\Loaders</Filter>
    </ClInclude>
    <ClInclude Include="TextureLoader.h">
      <Filter>Asset\Loaders</Filter>
    </ClInclude>
    <ClInclude Include="AnimationLoader.h">
      <Filter>Asset\Loaders</Filter>
    </ClInclude>
    <ClInclude Include="NavMeshLoader.h">
      <Filter>Asset\Loaders</Filter>
    </ClInclude>
    <ClInclude Include="ComponentSystem.h">
      <Filter>Components</Filter>
    </ClInclude>
    <ClInclude Include="ComponentManager.h">
      <Filter>Components</Filter>
    </ClInclude>
    <ClInclude Include="Asset.h">
      <Filter>Asset</Filter>
    </ClInclude>
    <ClInclude Include="AssetManager.h">
      <Filter>Asset</Filter>
    </ClInclude>
    <ClInclude Include="Component.h">
      <Filter>Components</Filter>
    </ClInclude>
    <ClInclude Include="Entity.h" />
    <ClInclude Include="MeshComponent.h">
      <Filter>Components\EngineComponents</Filter>
    </ClInclude>
    <ClInclude Include="EntityManager.h" />
    <ClInclude Include="EntityID.h" />
  </ItemGroup>
  <ItemGroup>
    <Filter Include="Headers">
      <UniqueIdentifier>{99546279-e651-492b-908c-e31bcf7d998a}</UniqueIdentifier>
    </Filter>
    <Filter Include="Source">
      <UniqueIdentifier>{fabcc3e8-f63a-4e05-abb7-2c74046ae919}</UniqueIdentifier>
    </Filter>
    <Filter Include="Lights">
      <UniqueIdentifier>{3fb11d20-d5cc-4719-ad54-66b62989c4d4}</UniqueIdentifier>
    </Filter>
    <Filter Include="Video">
      <UniqueIdentifier>{2e7c50a0-07b0-41fb-9864-e6a6686c4699}</UniqueIdentifier>
    </Filter>
    <Filter Include="Particles">
      <UniqueIdentifier>{ed9b4a54-ae85-49a2-be39-c409b9c0b46c}</UniqueIdentifier>
    </Filter>
    <Filter Include="Renderers">
      <UniqueIdentifier>{5e05b2e5-178e-4a62-a361-02c1befc1806}</UniqueIdentifier>
    </Filter>
    <Filter Include="InternetCode">
      <UniqueIdentifier>{af663ab4-daf9-4f88-a338-91069ec66180}</UniqueIdentifier>
    </Filter>
    <Filter Include="Animation">
      <UniqueIdentifier>{1493ee76-32ca-4d34-8435-835843d2b8f6}</UniqueIdentifier>
    </Filter>
    <Filter Include="Sprites">
      <UniqueIdentifier>{89c344ba-87fe-4755-bc13-fab1689efd48}</UniqueIdentifier>
    </Filter>
    <Filter Include="Text">
      <UniqueIdentifier>{df293bb8-463b-4902-9cdb-7b3e8fad0f77}</UniqueIdentifier>
    </Filter>
    <Filter Include="Textures">
      <UniqueIdentifier>{028f9811-2742-4936-89d7-7b2e403a13aa}</UniqueIdentifier>
    </Filter>
    <Filter Include="Shaders">
      <UniqueIdentifier>{570d3698-6e8e-4ef4-b8b4-be0683841445}</UniqueIdentifier>
    </Filter>
    <Filter Include="Models">
      <UniqueIdentifier>{6f918c4d-192b-4e66-97e8-e6181c37e1b6}</UniqueIdentifier>
    </Filter>
    <Filter Include="Path finding">
      <UniqueIdentifier>{21ee1966-1da9-4b2e-939e-9a66d9101c90}</UniqueIdentifier>
    </Filter>
    <Filter Include="Sound">
      <UniqueIdentifier>{3f666db8-d49c-4334-bf59-8d76f4a28784}</UniqueIdentifier>
    </Filter>
    <Filter Include="AK">
      <UniqueIdentifier>{c8dd2c22-bd7d-46bb-8852-797ae141a152}</UniqueIdentifier>
    </Filter>
    <Filter Include="imgui">
      <UniqueIdentifier>{97ccdb02-eb23-4d5b-a7f5-897e10f814d1}</UniqueIdentifier>
    </Filter>
    <Filter Include="Components">
      <UniqueIdentifier>{e5f44a20-10a6-4d52-8e9a-27b16fdbb48b}</UniqueIdentifier>
    </Filter>
    <Filter Include="Asset">
      <UniqueIdentifier>{ced7b3ae-f37c-4f60-bc34-73c6af6edc06}</UniqueIdentifier>
    </Filter>
    <Filter Include="Asset\Loaders">
      <UniqueIdentifier>{8992d15b-50c6-4ae6-8e0e-50ae349df2f6}</UniqueIdentifier>
    </Filter>
    <Filter Include="Components\EngineComponents">
      <UniqueIdentifier>{3943631e-a3ad-48e4-93b4-1751bc9df08e}</UniqueIdentifier>
    </Filter>
  </ItemGroup>
</Project>