<?xml version="1.0" encoding="utf-8"?>
<Project ToolsVersion="4.0" xmlns="http://schemas.microsoft.com/developer/msbuild/2003">
  <ItemGroup>
    <Filter Include="Source Files">
      <UniqueIdentifier>{4FC737F1-C7A5-4376-A066-2A32D752A2FF}</UniqueIdentifier>
      <Extensions>cpp;c;cc;cxx;def;odl;idl;hpj;bat;asm;asmx</Extensions>
    </Filter>
    <Filter Include="Header Files">
      <UniqueIdentifier>{93995380-89BD-4b04-88EB-625FBE52EBFB}</UniqueIdentifier>
      <Extensions>h;hh;hpp;hxx;hm;inl;inc;ipp;xsd</Extensions>
    </Filter>
    <Filter Include="Resource Files">
      <UniqueIdentifier>{67DA6AB6-F800-4c08-8B7A-83BB121AAD01}</UniqueIdentifier>
      <Extensions>rc;ico;cur;bmp;dlg;rc2;rct;bin;rgs;gif;jpg;jpeg;jpe;resx;tiff;tif;png;wav;mfcribbon-ms</Extensions>
    </Filter>
    <Filter Include="StateStack">
      <UniqueIdentifier>{a62f8d2a-b323-4022-b1a0-adb1e76c2680}</UniqueIdentifier>
    </Filter>
    <Filter Include="Måns">
      <UniqueIdentifier>{9c2122cf-41f0-4169-ac7e-7a1aab7cb4a0}</UniqueIdentifier>
    </Filter>
    <Filter Include="Math">
      <UniqueIdentifier>{23878b0a-2af1-4256-9f1d-e9e895aca5af}</UniqueIdentifier>
    </Filter>
  </ItemGroup>
  <ItemGroup>
    <ClInclude Include="FileWatcher.h">
      <Filter>Header Files</Filter>
    </ClInclude>
    <ClInclude Include="Logger.h">
      <Filter>Header Files</Filter>
    </ClInclude>
    <ClInclude Include="Message.hpp">
      <Filter>Header Files</Filter>
    </ClInclude>
    <ClInclude Include="Observer.hpp">
      <Filter>Header Files</Filter>
    </ClInclude>
    <ClInclude Include="PostMaster.hpp">
      <Filter>Header Files</Filter>
    </ClInclude>
    <ClInclude Include="Publisher.hpp">
      <Filter>Header Files</Filter>
    </ClInclude>
    <ClInclude Include="ThreadPool.hpp">
      <Filter>Header Files</Filter>
    </ClInclude>
    <ClInclude Include="Work.hpp">
      <Filter>Header Files</Filter>
    </ClInclude>
    <ClInclude Include="InputManager.h">
      <Filter>Header Files</Filter>
    </ClInclude>
    <ClInclude Include="XboxInput.h">
      <Filter>Header Files</Filter>
    </ClInclude>
    <ClInclude Include="MemoryChunk.h">
      <Filter>Header Files</Filter>
    </ClInclude>
    <ClInclude Include="StateStack.h">
      <Filter>StateStack</Filter>
    </ClInclude>
    <ClInclude Include="BaseState.h">
      <Filter>StateStack</Filter>
    </ClInclude>
    <ClInclude Include="BootLogger.h">
      <Filter>Header Files</Filter>
    </ClInclude>
    <ClInclude Include="SvnIntegration.h">
      <Filter>Header Files</Filter>
    </ClInclude>
    <ClInclude Include="Octree.h">
      <Filter>Header Files</Filter>
    </ClInclude>
    <ClInclude Include="IntersectionRecord.h">
      <Filter>Header Files</Filter>
    </ClInclude>
    <ClInclude Include="MetricValue.h">
      <Filter>Header Files</Filter>
    </ClInclude>
    <ClInclude Include="Button.h">
      <Filter>Header Files</Filter>
    </ClInclude>
    <ClInclude Include="StringManipulation.h">
      <Filter>Header Files</Filter>
    </ClInclude>
    <ClInclude Include="IteratableQueue.h">
      <Filter>Header Files</Filter>
    </ClInclude>
    <ClInclude Include="Secret.h">
      <Filter>Header Files</Filter>
    </ClInclude>
    <ClInclude Include="ImGuiHelpers.h">
      <Filter>Header Files</Filter>
    </ClInclude>
    <ClInclude Include="TimerController.h">
      <Filter>Header Files</Filter>
    </ClInclude>
    <ClInclude Include="TimeHelper.h">
      <Filter>Header Files</Filter>
    </ClInclude>
    <ClInclude Include="CurlHelper.h">
      <Filter>Header Files</Filter>
    </ClInclude>
    <ClInclude Include="SSLHelpers.h">
      <Filter>Header Files</Filter>
    </ClInclude>
    <ClInclude Include="Base64.h">
      <Filter>Header Files</Filter>
    </ClInclude>
    <ClInclude Include="ClipBoardHelper.h">
      <Filter>Header Files</Filter>
    </ClInclude>
    <ClInclude Include="FilePackager.h">
      <Filter>Header Files</Filter>
    </ClInclude>
    <ClInclude Include="Grid.h">
      <Filter>Header Files</Filter>
    </ClInclude>
    <ClInclude Include="FileHelpers.h">
      <Filter>Header Files</Filter>
    </ClInclude>
    <ClInclude Include="FiskJSON.h">
      <Filter>Måns</Filter>
    </ClInclude>
    <ClInclude Include="SlabRay.h">
      <Filter>Math</Filter>
    </ClInclude>
    <ClInclude Include="..\CommonUtilities\CommonUtilities\FastSqrt.h">
      <Filter>Math</Filter>
    </ClInclude>
    <ClInclude Include="CatmullRom.h">
      <Filter>Math</Filter>
    </ClInclude>
    <ClInclude Include="BezierCurve.h">
      <Filter>Math</Filter>
    </ClInclude>
    <ClInclude Include="Bezier.h">
      <Filter>Math</Filter>
    </ClInclude>
    <ClInclude Include="AABB2D.h">
      <Filter>Math</Filter>
    </ClInclude>
    <ClInclude Include="Imaginary.h">
      <Filter>Math</Filter>
    </ClInclude>
    <ClInclude Include="OABB.h">
      <Filter>Math</Filter>
    </ClInclude>
    <ClInclude Include="Random.h">
      <Filter>Math</Filter>
    </ClInclude>
    <ClInclude Include="Complex.h">
      <Filter>Math</Filter>
    </ClInclude>
    <ClInclude Include="FoldNumbers.h">
      <Filter>Header Files</Filter>
    </ClInclude>
    <ClInclude Include="Fourier.h">
      <Filter>Header Files</Filter>
    </ClInclude>
  </ItemGroup>
  <ItemGroup>
    <ClCompile Include="FileWatcher.cpp">
      <Filter>Source Files</Filter>
    </ClCompile>
    <ClCompile Include="Logger.cpp">
      <Filter>Source Files</Filter>
    </ClCompile>
    <ClCompile Include="Observer.cpp">
      <Filter>Source Files</Filter>
    </ClCompile>
    <ClCompile Include="PostMaster.cpp">
      <Filter>Source Files</Filter>
    </ClCompile>
    <ClCompile Include="Publisher.cpp">
      <Filter>Source Files</Filter>
    </ClCompile>
    <ClCompile Include="ThreadPool.cpp">
      <Filter>Source Files</Filter>
    </ClCompile>
    <ClCompile Include="CatmullRom.cpp">
      <Filter>Source Files</Filter>
    </ClCompile>
    <ClCompile Include="InputManager.cpp">
      <Filter>Source Files</Filter>
    </ClCompile>
    <ClCompile Include="XboxInput.cpp">
      <Filter>Source Files</Filter>
    </ClCompile>
    <ClCompile Include="StateStack.cpp">
      <Filter>StateStack</Filter>
    </ClCompile>
    <ClCompile Include="BaseState.cpp">
      <Filter>StateStack</Filter>
    </ClCompile>
    <ClCompile Include="BootLogger.cpp">
      <Filter>Source Files</Filter>
    </ClCompile>
    <ClCompile Include="SvnIntegration.cpp">
      <Filter>Source Files</Filter>
    </ClCompile>
    <ClCompile Include="Octree.cpp">
      <Filter>Source Files</Filter>
    </ClCompile>
    <ClCompile Include="IntersectionRecord.cpp">
      <Filter>Source Files</Filter>
    </ClCompile>
    <ClCompile Include="MetricValue.cpp">
      <Filter>Source Files</Filter>
    </ClCompile>
    <ClCompile Include="Button.cpp">
      <Filter>Source Files</Filter>
    </ClCompile>
    <ClCompile Include="StringManipulation.cpp">
      <Filter>Source Files</Filter>
    </ClCompile>
    <ClCompile Include="Secret.cpp">
      <Filter>Source Files</Filter>
    </ClCompile>
    <ClCompile Include="ImGuiHelpers.cpp">
      <Filter>Source Files</Filter>
    </ClCompile>
    <ClCompile Include="TimerController.cpp">
      <Filter>Source Files</Filter>
    </ClCompile>
    <ClCompile Include="TimeHelper.cpp">
      <Filter>Source Files</Filter>
    </ClCompile>
    <ClCompile Include="CurlHelper.cpp">
      <Filter>Source Files</Filter>
    </ClCompile>
    <ClCompile Include="SSLHelpers.cpp">
      <Filter>Source Files</Filter>
    </ClCompile>
    <ClCompile Include="Base64.cpp">
      <Filter>Source Files</Filter>
    </ClCompile>
    <ClCompile Include="ClipBoardHelper.cpp">
      <Filter>Source Files</Filter>
    </ClCompile>
    <ClCompile Include="FilePackager.cpp">
      <Filter>Source Files</Filter>
    </ClCompile>
    <ClCompile Include="FileHelpers.cpp">
      <Filter>Source Files</Filter>
    </ClCompile>
    <ClCompile Include="FiskJSON.cpp">
      <Filter>Måns</Filter>
    </ClCompile>
    <ClCompile Include="Bezier.cpp">
      <Filter>Math</Filter>
    </ClCompile>
    <ClCompile Include="FastSqr.cpp">
      <Filter>Math</Filter>
    </ClCompile>
    <ClCompile Include="Random.cpp">
      <Filter>Math</Filter>
    </ClCompile>
    <ClCompile Include="FoldNumbers.cpp">
      <Filter>Source Files</Filter>
    </ClCompile>
    <ClCompile Include="Fourier.cpp">
      <Filter>Source Files</Filter>
    </ClCompile>
  </ItemGroup>
</Project>